
Microsoft Visual Studio Solution File, Format Version 12.00
# Visual Studio 15
VisualStudioVersion = 15.0.28010.0
MinimumVisualStudioVersion = 10.0.40219.1
Project("{FAE04EC0-301F-11D3-BF4B-00C04F79EFBC}") = "AOPLogging", "AOPLogging\AOPLogging.csproj", "{5DC65BE8-9B84-4A0F-97F2-7DC1C883AC0E}"
EndProject
Global
	GlobalSection(SolutionConfigurationPlatforms) = preSolution
		Debug|Any CPU = Debug|Any CPU
		Release|Any CPU = Release|Any CPU
	EndGlobalSection
	GlobalSection(ProjectConfigurationPlatforms) = postSolution
		{5DC65BE8-9B84-4A0F-97F2-7DC1C883AC0E}.Debug|Any CPU.ActiveCfg = Debug|Any CPU
		{5DC65BE8-9B84-4A0F-97F2-7DC1C883AC0E}.Debug|Any CPU.Build.0 = Debug|Any CPU
		{5DC65BE8-9B84-4A0F-97F2-7DC1C883AC0E}.Release|Any CPU.ActiveCfg = Release|Any CPU
		{5DC65BE8-9B84-4A0F-97F2-7DC1C883AC0E}.Release|Any CPU.Build.0 = Release|Any CPU
	EndGlobalSection
	GlobalSection(SolutionProperties) = preSolution
		HideSolutionNode = FALSE
	EndGlobalSection
	GlobalSection(ExtensibilityGlobals) = postSolution
		SolutionGuid = {FF1851EF-0E09-4393-9EED-F530AAE29EDE}
	EndGlobalSection
EndGlobal
